
Microsoft Visual Studio Solution File, Format Version 12.00
# Visual Studio Version 18
VisualStudioVersion = 18.1.11312.151
MinimumVisualStudioVersion = 10.0.40219.1
Project("{2150E333-8FDC-42A3-9474-1A3956D46DE8}") = "src", "src", "{827E0CD3-B72D-47B6-A68D-7590B98EB39B}"
EndProject
Project("{FAE04EC0-301F-11D3-BF4B-00C04F79EFBC}") = "IOMSystem.Domain", "src\IOMSystem.Domain\IOMSystem.Domain.csproj", "{C5CDA942-B3ED-4BE5-A846-5F4FBC72AFE1}"
EndProject
Project("{FAE04EC0-301F-11D3-BF4B-00C04F79EFBC}") = "IOMSystem.Application", "src\IOMSystem.Application\IOMSystem.Application.csproj", "{CA5A15CB-BFC3-4D36-92D9-FED99E392EA1}"
EndProject
Project("{FAE04EC0-301F-11D3-BF4B-00C04F79EFBC}") = "IOMSystem.Infrastructure", "src\IOMSystem.Infrastructure\IOMSystem.Infrastructure.csproj", "{198C326E-C926-4D03-8E7C-1EC8D33A35FF}"
EndProject
Project("{FAE04EC0-301F-11D3-BF4B-00C04F79EFBC}") = "IOMSystem.API", "src\IOMSystem.API\IOMSystem.API.csproj", "{47B9F9D9-E08D-4F4B-8ED4-37165C450393}"
EndProject
Project("{E24C65DC-7377-472B-9ABA-BC803B73C61A}") = "IOMSystem.UI", "src\IOMSystem.UI\", "{B6021C1F-F3CD-392B-CFEE-7E5A3E7603C0}"
	ProjectSection(WebsiteProperties) = preProject
		TargetFrameworkMoniker = ".NETFramework,Version%3Dv4.8"
		Debug.AspNetCompiler.VirtualPath = "/localhost_58887"
		Debug.AspNetCompiler.PhysicalPath = "src\IOMSystem.UI\"
		Debug.AspNetCompiler.TargetPath = "PrecompiledWeb\localhost_58887\"
		Debug.AspNetCompiler.Updateable = "true"
		Debug.AspNetCompiler.ForceOverwrite = "true"
		Debug.AspNetCompiler.FixedNames = "false"
		Debug.AspNetCompiler.Debug = "True"
		Release.AspNetCompiler.VirtualPath = "/localhost_58887"
		Release.AspNetCompiler.PhysicalPath = "src\IOMSystem.UI\"
		Release.AspNetCompiler.TargetPath = "PrecompiledWeb\localhost_58887\"
		Release.AspNetCompiler.Updateable = "true"
		Release.AspNetCompiler.ForceOverwrite = "true"
		Release.AspNetCompiler.FixedNames = "false"
		Release.AspNetCompiler.Debug = "False"
		VWDPort = "58887"
		SlnRelativePath = "src\IOMSystem.UI\"
		DefaultWebSiteLanguage = "Visual C#"
	EndProjectSection
EndProject
Project("{FAE04EC0-301F-11D3-BF4B-00C04F79EFBC}") = "IOMSystem.Contract", "src\IOMSystem.Contract\IOMSystem.Contract.csproj", "{04099B89-C750-42B7-9C73-F8794C10E0E5}"
EndProject
Global
	GlobalSection(SolutionConfigurationPlatforms) = preSolution
		Debug|Any CPU = Debug|Any CPU
		Debug|x64 = Debug|x64
		Debug|x86 = Debug|x86
		Release|Any CPU = Release|Any CPU
		Release|x64 = Release|x64
		Release|x86 = Release|x86
	EndGlobalSection
	GlobalSection(ProjectConfigurationPlatforms) = postSolution
		{C5CDA942-B3ED-4BE5-A846-5F4FBC72AFE1}.Debug|Any CPU.ActiveCfg = Debug|Any CPU
		{C5CDA942-B3ED-4BE5-A846-5F4FBC72AFE1}.Debug|Any CPU.Build.0 = Debug|Any CPU
		{C5CDA942-B3ED-4BE5-A846-5F4FBC72AFE1}.Debug|x64.ActiveCfg = Debug|Any CPU
		{C5CDA942-B3ED-4BE5-A846-5F4FBC72AFE1}.Debug|x64.Build.0 = Debug|Any CPU
		{C5CDA942-B3ED-4BE5-A846-5F4FBC72AFE1}.Debug|x86.ActiveCfg = Debug|Any CPU
		{C5CDA942-B3ED-4BE5-A846-5F4FBC72AFE1}.Debug|x86.Build.0 = Debug|Any CPU
		{C5CDA942-B3ED-4BE5-A846-5F4FBC72AFE1}.Release|Any CPU.ActiveCfg = Release|Any CPU
		{C5CDA942-B3ED-4BE5-A846-5F4FBC72AFE1}.Release|Any CPU.Build.0 = Release|Any CPU
		{C5CDA942-B3ED-4BE5-A846-5F4FBC72AFE1}.Release|x64.ActiveCfg = Release|Any CPU
		{C5CDA942-B3ED-4BE5-A846-5F4FBC72AFE1}.Release|x64.Build.0 = Release|Any CPU
		{C5CDA942-B3ED-4BE5-A846-5F4FBC72AFE1}.Release|x86.ActiveCfg = Release|Any CPU
		{C5CDA942-B3ED-4BE5-A846-5F4FBC72AFE1}.Release|x86.Build.0 = Release|Any CPU
		{CA5A15CB-BFC3-4D36-92D9-FED99E392EA1}.Debug|Any CPU.ActiveCfg = Debug|Any CPU
		{CA5A15CB-BFC3-4D36-92D9-FED99E392EA1}.Debug|Any CPU.Build.0 = Debug|Any CPU
		{CA5A15CB-BFC3-4D36-92D9-FED99E392EA1}.Debug|x64.ActiveCfg = Debug|Any CPU
		{CA5A15CB-BFC3-4D36-92D9-FED99E392EA1}.Debug|x64.Build.0 = Debug|Any CPU
		{CA5A15CB-BFC3-4D36-92D9-FED99E392EA1}.Debug|x86.ActiveCfg = Debug|Any CPU
		{CA5A15CB-BFC3-4D36-92D9-FED99E392EA1}.Debug|x86.Build.0 = Debug|Any CPU
		{CA5A15CB-BFC3-4D36-92D9-FED99E392EA1}.Release|Any CPU.ActiveCfg = Release|Any CPU
		{CA5A15CB-BFC3-4D36-92D9-FED99E392EA1}.Release|Any CPU.Build.0 = Release|Any CPU
		{CA5A15CB-BFC3-4D36-92D9-FED99E392EA1}.Release|x64.ActiveCfg = Release|Any CPU
		{CA5A15CB-BFC3-4D36-92D9-FED99E392EA1}.Release|x64.Build.0 = Release|Any CPU
		{CA5A15CB-BFC3-4D36-92D9-FED99E392EA1}.Release|x86.ActiveCfg = Release|Any CPU
		{CA5A15CB-BFC3-4D36-92D9-FED99E392EA1}.Release|x86.Build.0 = Release|Any CPU
		{198C326E-C926-4D03-8E7C-1EC8D33A35FF}.Debug|Any CPU.ActiveCfg = Debug|Any CPU
		{198C326E-C926-4D03-8E7C-1EC8D33A35FF}.Debug|Any CPU.Build.0 = Debug|Any CPU
		{198C326E-C926-4D03-8E7C-1EC8D33A35FF}.Debug|x64.ActiveCfg = Debug|Any CPU
		{198C326E-C926-4D03-8E7C-1EC8D33A35FF}.Debug|x64.Build.0 = Debug|Any CPU
		{198C326E-C926-4D03-8E7C-1EC8D33A35FF}.Debug|x86.ActiveCfg = Debug|Any CPU
		{198C326E-C926-4D03-8E7C-1EC8D33A35FF}.Debug|x86.Build.0 = Debug|Any CPU
		{198C326E-C926-4D03-8E7C-1EC8D33A35FF}.Release|Any CPU.ActiveCfg = Release|Any CPU
		{198C326E-C926-4D03-8E7C-1EC8D33A35FF}.Release|Any CPU.Build.0 = Release|Any CPU
		{198C326E-C926-4D03-8E7C-1EC8D33A35FF}.Release|x64.ActiveCfg = Release|Any CPU
		{198C326E-C926-4D03-8E7C-1EC8D33A35FF}.Release|x64.Build.0 = Release|Any CPU
		{198C326E-C926-4D03-8E7C-1EC8D33A35FF}.Release|x86.ActiveCfg = Release|Any CPU
		{198C326E-C926-4D03-8E7C-1EC8D33A35FF}.Release|x86.Build.0 = Release|Any CPU
		{47B9F9D9-E08D-4F4B-8ED4-37165C450393}.Debug|Any CPU.ActiveCfg = Debug|Any CPU
		{47B9F9D9-E08D-4F4B-8ED4-37165C450393}.Debug|Any CPU.Build.0 = Debug|Any CPU
		{47B9F9D9-E08D-4F4B-8ED4-37165C450393}.Debug|x64.ActiveCfg = Debug|Any CPU
		{47B9F9D9-E08D-4F4B-8ED4-37165C450393}.Debug|x64.Build.0 = Debug|Any CPU
		{47B9F9D9-E08D-4F4B-8ED4-37165C450393}.Debug|x86.ActiveCfg = Debug|Any CPU
		{47B9F9D9-E08D-4F4B-8ED4-37165C450393}.Debug|x86.Build.0 = Debug|Any CPU
		{47B9F9D9-E08D-4F4B-8ED4-37165C450393}.Release|Any CPU.ActiveCfg = Release|Any CPU
		{47B9F9D9-E08D-4F4B-8ED4-37165C450393}.Release|Any CPU.Build.0 = Release|Any CPU
		{47B9F9D9-E08D-4F4B-8ED4-37165C450393}.Release|x64.ActiveCfg = Release|Any CPU
		{47B9F9D9-E08D-4F4B-8ED4-37165C450393}.Release|x64.Build.0 = Release|Any CPU
		{47B9F9D9-E08D-4F4B-8ED4-37165C450393}.Release|x86.ActiveCfg = Release|Any CPU
		{47B9F9D9-E08D-4F4B-8ED4-37165C450393}.Release|x86.Build.0 = Release|Any CPU
		{B6021C1F-F3CD-392B-CFEE-7E5A3E7603C0}.Debug|Any CPU.ActiveCfg = Debug|Any CPU
		{B6021C1F-F3CD-392B-CFEE-7E5A3E7603C0}.Debug|Any CPU.Build.0 = Debug|Any CPU
		{B6021C1F-F3CD-392B-CFEE-7E5A3E7603C0}.Debug|x64.ActiveCfg = Debug|Any CPU
		{B6021C1F-F3CD-392B-CFEE-7E5A3E7603C0}.Debug|x64.Build.0 = Debug|Any CPU
		{B6021C1F-F3CD-392B-CFEE-7E5A3E7603C0}.Debug|x86.ActiveCfg = Debug|Any CPU
		{B6021C1F-F3CD-392B-CFEE-7E5A3E7603C0}.Debug|x86.Build.0 = Debug|Any CPU
		{B6021C1F-F3CD-392B-CFEE-7E5A3E7603C0}.Release|Any CPU.ActiveCfg = Debug|Any CPU
		{B6021C1F-F3CD-392B-CFEE-7E5A3E7603C0}.Release|Any CPU.Build.0 = Debug|Any CPU
		{B6021C1F-F3CD-392B-CFEE-7E5A3E7603C0}.Release|x64.ActiveCfg = Debug|Any CPU
		{B6021C1F-F3CD-392B-CFEE-7E5A3E7603C0}.Release|x64.Build.0 = Debug|Any CPU
		{B6021C1F-F3CD-392B-CFEE-7E5A3E7603C0}.Release|x86.ActiveCfg = Debug|Any CPU
		{B6021C1F-F3CD-392B-CFEE-7E5A3E7603C0}.Release|x86.Build.0 = Debug|Any CPU
		{04099B89-C750-42B7-9C73-F8794C10E0E5}.Debug|Any CPU.ActiveCfg = Debug|Any CPU
		{04099B89-C750-42B7-9C73-F8794C10E0E5}.Debug|Any CPU.Build.0 = Debug|Any CPU
		{04099B89-C750-42B7-9C73-F8794C10E0E5}.Debug|x64.ActiveCfg = Debug|Any CPU
		{04099B89-C750-42B7-9C73-F8794C10E0E5}.Debug|x64.Build.0 = Debug|Any CPU
		{04099B89-C750-42B7-9C73-F8794C10E0E5}.Debug|x86.ActiveCfg = Debug|Any CPU
		{04099B89-C750-42B7-9C73-F8794C10E0E5}.Debug|x86.Build.0 = Debug|Any CPU
		{04099B89-C750-42B7-9C73-F8794C10E0E5}.Release|Any CPU.ActiveCfg = Release|Any CPU
		{04099B89-C750-42B7-9C73-F8794C10E0E5}.Release|Any CPU.Build.0 = Release|Any CPU
		{04099B89-C750-42B7-9C73-F8794C10E0E5}.Release|x64.ActiveCfg = Release|Any CPU
		{04099B89-C750-42B7-9C73-F8794C10E0E5}.Release|x64.Build.0 = Release|Any CPU
		{04099B89-C750-42B7-9C73-F8794C10E0E5}.Release|x86.ActiveCfg = Release|Any CPU
		{04099B89-C750-42B7-9C73-F8794C10E0E5}.Release|x86.Build.0 = Release|Any CPU
	EndGlobalSection
	GlobalSection(SolutionProperties) = preSolution
		HideSolutionNode = FALSE
	EndGlobalSection
	GlobalSection(NestedProjects) = preSolution
		{C5CDA942-B3ED-4BE5-A846-5F4FBC72AFE1} = {827E0CD3-B72D-47B6-A68D-7590B98EB39B}
		{CA5A15CB-BFC3-4D36-92D9-FED99E392EA1} = {827E0CD3-B72D-47B6-A68D-7590B98EB39B}
		{198C326E-C926-4D03-8E7C-1EC8D33A35FF} = {827E0CD3-B72D-47B6-A68D-7590B98EB39B}
		{47B9F9D9-E08D-4F4B-8ED4-37165C450393} = {827E0CD3-B72D-47B6-A68D-7590B98EB39B}
		{B6021C1F-F3CD-392B-CFEE-7E5A3E7603C0} = {827E0CD3-B72D-47B6-A68D-7590B98EB39B}
		{04099B89-C750-42B7-9C73-F8794C10E0E5} = {827E0CD3-B72D-47B6-A68D-7590B98EB39B}
	EndGlobalSection
	GlobalSection(ExtensibilityGlobals) = postSolution
		SolutionGuid = {04996CD8-3812-431C-9691-1D85CAE7AFDA}
	EndGlobalSection
EndGlobal
